
Microsoft Visual Studio Solution File, Format Version 11.00
# Visual Studio 2010
Project("{FAE04EC0-301F-11D3-BF4B-00C04F79EFBC}") = "Treasure Hunt", "Assembly-CSharp.csproj", "{EB7D42FD-388A-E0F7-1CF4-AFDBA0B738B1}"
EndProject
Project("{FAE04EC0-301F-11D3-BF4B-00C04F79EFBC}") = "Treasure Hunt", "Assembly-CSharp-Editor.csproj", "{A6C38A20-8990-67D3-10DD-516681A1E63A}"
EndProject
Global
	GlobalSection(SolutionConfigurationPlatforms) = preSolution
		Debug|Any CPU = Debug|Any CPU
		Release|Any CPU = Release|Any CPU
	EndGlobalSection
	GlobalSection(ProjectConfigurationPlatforms) = postSolution
		{EB7D42FD-388A-E0F7-1CF4-AFDBA0B738B1}.Debug|Any CPU.ActiveCfg = Debug|Any CPU
		{EB7D42FD-388A-E0F7-1CF4-AFDBA0B738B1}.Debug|Any CPU.Build.0 = Debug|Any CPU
		{EB7D42FD-388A-E0F7-1CF4-AFDBA0B738B1}.Release|Any CPU.ActiveCfg = Release|Any CPU
		{EB7D42FD-388A-E0F7-1CF4-AFDBA0B738B1}.Release|Any CPU.Build.0 = Release|Any CPU
		{A6C38A20-8990-67D3-10DD-516681A1E63A}.Debug|Any CPU.ActiveCfg = Debug|Any CPU
		{A6C38A20-8990-67D3-10DD-516681A1E63A}.Debug|Any CPU.Build.0 = Debug|Any CPU
		{A6C38A20-8990-67D3-10DD-516681A1E63A}.Release|Any CPU.ActiveCfg = Release|Any CPU
		{A6C38A20-8990-67D3-10DD-516681A1E63A}.Release|Any CPU.Build.0 = Release|Any CPU
	EndGlobalSection
	GlobalSection(SolutionProperties) = preSolution
		HideSolutionNode = FALSE
	EndGlobalSection
	GlobalSection(MonoDevelopProperties) = preSolution
		StartupItem = Assembly-CSharp.csproj
	EndGlobalSection
EndGlobal
